PODS:
  - AlicloudMAN (1.0.12):
    - AlicloudUT
    - AlicloudUtils
  - AlicloudUT (5.2.0.8):
    - AlicloudUTDID
  - AlicloudUTDID (1.5.0.91)
  - AlicloudUtils (1.3.9):
    - AlicloudUTDID
  - boost-for-react-native (1.63.0)
  - DoraemonKit/Core (3.0.2)
  - DoraemonKit/WithGPS (3.0.2):
    - DoraemonKit/Core
  - DoraemonKit/WithLoad (3.0.2):
    - DoraemonKit/Core
  - DoubleConversion (1.1.6)
  - FBLazyVector (0.61.5)
  - FBReactNativeSpec (0.61.5):
    - Folly (= 2018.10.22.00)
    - RCTRequired (= 0.61.5)
    - RCTTypeSafety (= 0.61.5)
    - React-Core (= 0.61.5)
    - React-jsi (= 0.61.5)
    - ReactCommon/turbomodule/core (= 0.61.5)
  - Folly (2018.10.22.00):
    - boost-for-react-native
    - DoubleConversion
    - Folly/Default (= 2018.10.22.00)
    - glog
  - Folly/Default (2018.10.22.00):
    - boost-for-react-native
    - DoubleConversion
    - glog
  - glog (0.3.5)
  - IQKeyboardManager (6.5.5)
  - RCTRequired (0.61.5)
  - RCTTypeSafety (0.61.5):
    - FBLazyVector (= 0.61.5)
    - Folly (= 2018.10.22.00)
    - RCTRequired (= 0.61.5)
    - React-Core (= 0.61.5)
  - React (0.61.5):
    - React-Core (= 0.61.5)
    - React-Core/DevSupport (= 0.61.5)
    - React-Core/RCTWebSocket (= 0.61.5)
    - React-RCTActionSheet (= 0.61.5)
    - React-RCTAnimation (= 0.61.5)
    - React-RCTBlob (= 0.61.5)
    - React-RCTImage (= 0.61.5)
    - React-RCTLinking (= 0.61.5)
    - React-RCTNetwork (= 0.61.5)
    - React-RCTSettings (= 0.61.5)
    - React-RCTText (= 0.61.5)
    - React-RCTVibration (= 0.61.5)
  - React-Core (0.61.5):
    - Folly (= 2018.10.22.00)
    - glog
    - React-Core/Default (= 0.61.5)
    - React-cxxreact (= 0.61.5)
    - React-jsi (= 0.61.5)
    - React-jsiexecutor (= 0.61.5)
    - Yoga
  - React-Core/CoreModulesHeaders (0.61.5):
    - Folly (= 2018.10.22.00)
    - glog
    - React-Core/Default
    - React-cxxreact (= 0.61.5)
    - React-jsi (= 0.61.5)
    - React-jsiexecutor (= 0.61.5)
    - Yoga
  - React-Core/Default (0.61.5):
    - Folly (= 2018.10.22.00)
    - glog
    - React-cxxreact (= 0.61.5)
    - React-jsi (= 0.61.5)
    - React-jsiexecutor (= 0.61.5)
    - Yoga
  - React-Core/DevSupport (0.61.5):
    - Folly (= 2018.10.22.00)
    - glog
    - React-Core/Default (= 0.61.5)
    - React-Core/RCTWebSocket (= 0.61.5)
    - React-cxxreact (= 0.61.5)
    - React-jsi (= 0.61.5)
    - React-jsiexecutor (= 0.61.5)
    - React-jsinspector (= 0.61.5)
    - Yoga
  - React-Core/RCTActionSheetHeaders (0.61.5):
    - Folly (= 2018.10.22.00)
    - glog
    - React-Core/Default
    - React-cxxreact (= 0.61.5)
    - React-jsi (= 0.61.5)
    - React-jsiexecutor (= 0.61.5)
    - Yoga
  - React-Core/RCTAnimationHeaders (0.61.5):
    - Folly (= 2018.10.22.00)
    - glog
    - React-Core/Default
    - React-cxxreact (= 0.61.5)
    - React-jsi (= 0.61.5)
    - React-jsiexecutor (= 0.61.5)
    - Yoga
  - React-Core/RCTBlobHeaders (0.61.5):
    - Folly (= 2018.10.22.00)
    - glog
    - React-Core/Default
    - React-cxxreact (= 0.61.5)
    - React-jsi (= 0.61.5)
    - React-jsiexecutor (= 0.61.5)
    - Yoga
  - React-Core/RCTImageHeaders (0.61.5):
    - Folly (= 2018.10.22.00)
    - glog
    - React-Core/Default
    - React-cxxreact (= 0.61.5)
    - React-jsi (= 0.61.5)
    - React-jsiexecutor (= 0.61.5)
    - Yoga
  - React-Core/RCTLinkingHeaders (0.61.5):
    - Folly (= 2018.10.22.00)
    - glog
    - React-Core/Default
    - React-cxxreact (= 0.61.5)
    - React-jsi (= 0.61.5)
    - React-jsiexecutor (= 0.61.5)
    - Yoga
  - React-Core/RCTNetworkHeaders (0.61.5):
    - Folly (= 2018.10.22.00)
    - glog
    - React-Core/Default
    - React-cxxreact (= 0.61.5)
    - React-jsi (= 0.61.5)
    - React-jsiexecutor (= 0.61.5)
    - Yoga
  - React-Core/RCTSettingsHeaders (0.61.5):
    - Folly (= 2018.10.22.00)
    - glog
    - React-Core/Default
    - React-cxxreact (= 0.61.5)
    - React-jsi (= 0.61.5)
    - React-jsiexecutor (= 0.61.5)
    - Yoga
  - React-Core/RCTTextHeaders (0.61.5):
    - Folly (= 2018.10.22.00)
    - glog
    - React-Core/Default
    - React-cxxreact (= 0.61.5)
    - React-jsi (= 0.61.5)
    - React-jsiexecutor (= 0.61.5)
    - Yoga
  - React-Core/RCTVibrationHeaders (0.61.5):
    - Folly (= 2018.10.22.00)
    - glog
    - React-Core/Default
    - React-cxxreact (= 0.61.5)
    - React-jsi (= 0.61.5)
    - React-jsiexecutor (= 0.61.5)
    - Yoga
  - React-Core/RCTWebSocket (0.61.5):
    - Folly (= 2018.10.22.00)
    - glog
    - React-Core/Default (= 0.61.5)
    - React-cxxreact (= 0.61.5)
    - React-jsi (= 0.61.5)
    - React-jsiexecutor (= 0.61.5)
    - Yoga
  - React-CoreModules (0.61.5):
    - FBReactNativeSpec (= 0.61.5)
    - Folly (= 2018.10.22.00)
    - RCTTypeSafety (= 0.61.5)
    - React-Core/CoreModulesHeaders (= 0.61.5)
    - React-RCTImage (= 0.61.5)
    - ReactCommon/turbomodule/core (= 0.61.5)
  - React-cxxreact (0.61.5):
    - boost-for-react-native (= 1.63.0)
    - DoubleConversion
    - Folly (= 2018.10.22.00)
    - glog
    - React-jsinspector (= 0.61.5)
  - React-jsi (0.61.5):
    - boost-for-react-native (= 1.63.0)
    - DoubleConversion
    - Folly (= 2018.10.22.00)
    - glog
    - React-jsi/Default (= 0.61.5)
  - React-jsi/Default (0.61.5):
    - boost-for-react-native (= 1.63.0)
    - DoubleConversion
    - Folly (= 2018.10.22.00)
    - glog
  - React-jsiexecutor (0.61.5):
    - DoubleConversion
    - Folly (= 2018.10.22.00)
    - glog
    - React-cxxreact (= 0.61.5)
    - React-jsi (= 0.61.5)
  - React-jsinspector (0.61.5)
  - react-native-camera (2.0.1):
    - React
  - react-native-cookies (1.0.3):
    - React
  - react-native-emas (0.0.1):
    - AlicloudMAN (= 1.0.12)
    - AlicloudUT (= 5.2.0.8)
    - React
  - react-native-image-picker (2.0.1):
    - React
    - TZImagePickerController
  - react-native-netinfo (5.6.2):
    - React
  - react-native-webview (9.0.1):
    - React
  - React-RCTActionSheet (0.61.5):
    - React-Core/RCTActionSheetHeaders (= 0.61.5)
  - React-RCTAnimation (0.61.5):
    - React-Core/RCTAnimationHeaders (= 0.61.5)
  - React-RCTBlob (0.61.5):
    - React-Core/RCTBlobHeaders (= 0.61.5)
    - React-Core/RCTWebSocket (= 0.61.5)
    - React-jsi (= 0.61.5)
    - React-RCTNetwork (= 0.61.5)
  - React-RCTImage (0.61.5):
    - React-Core/RCTImageHeaders (= 0.61.5)
    - React-RCTNetwork (= 0.61.5)
  - React-RCTLinking (0.61.5):
    - React-Core/RCTLinkingHeaders (= 0.61.5)
  - React-RCTNetwork (0.61.5):
    - React-Core/RCTNetworkHeaders (= 0.61.5)
  - React-RCTSettings (0.61.5):
    - React-Core/RCTSettingsHeaders (= 0.61.5)
  - React-RCTText (0.61.5):
    - React-Core/RCTTextHeaders (= 0.61.5)
  - React-RCTVibration (0.61.5):
    - React-Core/RCTVibrationHeaders (= 0.61.5)
  - ReactCommon/jscallinvoker (0.61.5):
    - DoubleConversion
    - Folly (= 2018.10.22.00)
    - glog
    - React-cxxreact (= 0.61.5)
  - ReactCommon/turbomodule/core (0.61.5):
    - DoubleConversion
    - Folly (= 2018.10.22.00)
    - glog
    - React-Core (= 0.61.5)
    - React-cxxreact (= 0.61.5)
    - React-jsi (= 0.61.5)
    - ReactCommon/jscallinvoker (= 0.61.5)
  - rn-debug (0.0.1):
    - DoraemonKit/Core (~> 3.0.2)
    - DoraemonKit/WithGPS (~> 3.0.2)
    - DoraemonKit/WithLoad (~> 3.0.2)
    - React
    - rn-env
  - rn-env (1.0.0):
    - React
  - RNGestureHandler (1.6.1):
    - React
  - RNReanimated (1.7.1):
    - React
  - RNScreens (2.4.0):
    - React
  - RNSVG (12.0.3):
    - React
  - TZImagePickerController (3.4.1)
  - Yoga (1.14.0)

DEPENDENCIES:
  - DoubleConversion (from `../node_modules/react-native/third-party-podspecs/DoubleConversion.podspec`)
  - FBLazyVector (from `../node_modules/react-native/Libraries/FBLazyVector`)
  - FBReactNativeSpec (from `../node_modules/react-native/Libraries/FBReactNativeSpec`)
  - Folly (from `../node_modules/react-native/third-party-podspecs/Folly.podspec`)
  - glog (from `../node_modules/react-native/third-party-podspecs/glog.podspec`)
  - IQKeyboardManager
  - RCTRequired (from `../node_modules/react-native/Libraries/RCTRequired`)
  - RCTTypeSafety (from `../node_modules/react-native/Libraries/TypeSafety`)
  - React (from `../node_modules/react-native/`)
  - React-Core (from `../node_modules/react-native/`)
  - React-Core/DevSupport (from `../node_modules/react-native/`)
  - React-Core/RCTWebSocket (from `../node_modules/react-native/`)
  - React-CoreModules (from `../node_modules/react-native/React/CoreModules`)
  - React-cxxreact (from `../node_modules/react-native/ReactCommon/cxxreact`)
  - React-jsi (from `../node_modules/react-native/ReactCommon/jsi`)
  - React-jsiexecutor (from `../node_modules/react-native/ReactCommon/jsiexecutor`)
  - React-jsinspector (from `../node_modules/react-native/ReactCommon/jsinspector`)
  - react-native-camera (from `../node_modules/@terminus/react-native-camera/ios`)
  - react-native-cookies (from `../node_modules/@terminus/react-native-cookies/ios`)
  - react-native-emas (from `../node_modules/@terminus/react-native-emas/react-native-emas.podspec`)
  - react-native-image-picker (from `../node_modules/@terminus/react-native-image-picker/ios`)
  - react-native-netinfo (from `../node_modules/@react-native-community/netinfo`)
  - react-native-webview (from `../node_modules/react-native-webview`)
  - React-RCTActionSheet (from `../node_modules/react-native/Libraries/ActionSheetIOS`)
  - React-RCTAnimation (from `../node_modules/react-native/Libraries/NativeAnimation`)
  - React-RCTBlob (from `../node_modules/react-native/Libraries/Blob`)
  - React-RCTImage (from `../node_modules/react-native/Libraries/Image`)
  - React-RCTLinking (from `../node_modules/react-native/Libraries/LinkingIOS`)
  - React-RCTNetwork (from `../node_modules/react-native/Libraries/Network`)
  - React-RCTSettings (from `../node_modules/react-native/Libraries/Settings`)
  - React-RCTText (from `../node_modules/react-native/Libraries/Text`)
  - React-RCTVibration (from `../node_modules/react-native/Libraries/Vibration`)
  - ReactCommon/jscallinvoker (from `../node_modules/react-native/ReactCommon`)
  - ReactCommon/turbomodule/core (from `../node_modules/react-native/ReactCommon`)
  - rn-debug (from `../node_modules/@terminus/rn-debug/ios`)
  - rn-env (from `../node_modules/@terminus/rn-debug/ios`)
  - RNGestureHandler (from `../node_modules/react-native-gesture-handler/RNGestureHandler.podspec`)
  - RNReanimated (from `../node_modules/react-native-reanimated`)
  - RNScreens (from `../node_modules/react-native-screens`)
  - RNSVG (from `../node_modules/react-native-svg/RNSVG.podspec`)
  - Yoga (from `../node_modules/react-native/ReactCommon/yoga`)

EXTERNAL SOURCES:
  DoubleConversion:
    :podspec: ../node_modules/react-native/third-party-podspecs/DoubleConversion.podspec
  FBLazyVector:
    :path: ../node_modules/react-native/Libraries/FBLazyVector
  FBReactNativeSpec:
    :path: ../node_modules/react-native/Libraries/FBReactNativeSpec
  Folly:
    :podspec: ../node_modules/react-native/third-party-podspecs/Folly.podspec
  glog:
    :podspec: ../node_modules/react-native/third-party-podspecs/glog.podspec
  RCTRequired:
    :path: ../node_modules/react-native/Libraries/RCTRequired
  RCTTypeSafety:
    :path: ../node_modules/react-native/Libraries/TypeSafety
  React:
    :path: ../node_modules/react-native/
  React-Core:
    :path: ../node_modules/react-native/
  React-CoreModules:
    :path: ../node_modules/react-native/React/CoreModules
  React-cxxreact:
    :path: ../node_modules/react-native/ReactCommon/cxxreact
  React-jsi:
    :path: ../node_modules/react-native/ReactCommon/jsi
  React-jsiexecutor:
    :path: ../node_modules/react-native/ReactCommon/jsiexecutor
  React-jsinspector:
    :path: ../node_modules/react-native/ReactCommon/jsinspector
  react-native-camera:
    :path: ../node_modules/@terminus/react-native-camera/ios
  react-native-cookies:
    :path: ../node_modules/@terminus/react-native-cookies/ios
  react-native-emas:
    :path: ../node_modules/@terminus/react-native-emas/react-native-emas.podspec
  react-native-image-picker:
    :path: ../node_modules/@terminus/react-native-image-picker/ios
  react-native-netinfo:
    :path: ../node_modules/@react-native-community/netinfo
  react-native-webview:
    :path: ../node_modules/react-native-webview
  React-RCTActionSheet:
    :path: ../node_modules/react-native/Libraries/ActionSheetIOS
  React-RCTAnimation:
    :path: ../node_modules/react-native/Libraries/NativeAnimation
  React-RCTBlob:
    :path: ../node_modules/react-native/Libraries/Blob
  React-RCTImage:
    :path: ../node_modules/react-native/Libraries/Image
  React-RCTLinking:
    :path: ../node_modules/react-native/Libraries/LinkingIOS
  React-RCTNetwork:
    :path: ../node_modules/react-native/Libraries/Network
  React-RCTSettings:
    :path: ../node_modules/react-native/Libraries/Settings
  React-RCTText:
    :path: ../node_modules/react-native/Libraries/Text
  React-RCTVibration:
    :path: ../node_modules/react-native/Libraries/Vibration
  ReactCommon:
    :path: ../node_modules/react-native/ReactCommon
  rn-debug:
    :path: ../node_modules/@terminus/rn-debug/ios
  rn-env:
    :path: ../node_modules/@terminus/rn-debug/ios
  RNGestureHandler:
    :path: ../node_modules/react-native-gesture-handler/RNGestureHandler.podspec
  RNReanimated:
    :path: ../node_modules/react-native-reanimated
  RNScreens:
    :path: ../node_modules/react-native-screens
  RNSVG:
    :path: ../node_modules/react-native-svg/RNSVG.podspec
  Yoga:
    :path: ../node_modules/react-native/ReactCommon/yoga

SPEC CHECKSUMS:
  AlicloudMAN: b30246a50024f258b6a50590889275974bc09f73
  AlicloudUT: 49bfd91133899e693d1271b483ba7e64423b609e
  AlicloudUTDID: 5f008f2ac35e3969a5cbf8557ef8d285525be948
  AlicloudUtils: 66e0ba6ece62d7dd05e9dd95674b2c7811624c2f
  boost-for-react-native: 39c7adb57c4e60d6c5479dd8623128eb5b3f0f2c
  DoraemonKit: 8587e7a9aae0773dfc96707d2369d89d2a21b3d2
  DoubleConversion: 5805e889d232975c086db112ece9ed034df7a0b2
  FBLazyVector: cb37b5590a27600f0a889222d7c1f019625f4168
  FBReactNativeSpec: 6fda0eee5b059ee8ea0f845f4060620ff96b5b55
  Folly: 30e7936e1c45c08d884aa59369ed951a8e68cf51
  glog: 1f3da668190260b06b429bb211bfbee5cd790c28
  IQKeyboardManager: 3a8b9e603f8b0eeaf5f096a1f2b2cfcf121992ef
  RCTRequired: 81db8debffc2eb932841fa02dcf5a2e911af74c1
  RCTTypeSafety: 39a7d8643abe2460aef0adeb9acbe9401b579fff
  React: 89f2294058332cf7c4feee644e17d5024da1f531
  React-Core: c55956aa434fae94816b665f99d51d50f48d5993
  React-CoreModules: c70b9db4f48e31474bb022716fff41983b335ce2
  React-cxxreact: 1dbe583c02d15d269f13451d203e645bb233fc96
  React-jsi: f9126dd5818fbd8fbf869be9bbc1c0543973e1a1
  React-jsiexecutor: 752f034d0f007d1141a1c52ba9ef3fd9668fbfa7
  React-jsinspector: 044105eea064aec81adc5e4d777a8f6589e7d094
  react-native-camera: 8e11c97867b9fafc5234290431b0ee976b4e885c
  react-native-cookies: 31d62053f6f661a7cb2228d78166c25ea9d51f3c
  react-native-emas: 10634667cda0bf8b7a8bb4c0e1a0840aba5cdd8e
  react-native-image-picker: 2d6c8f6a82ab93d13313deb47f506489744ee3a7
  react-native-netinfo: a91b5cf92ed3ada997cfe2bf067633386eb19fd8
  react-native-webview: ad9581723f4d401c22cb3a371811d4dc9310df56
  React-RCTActionSheet: 49433f6e3659ba5d3ee650e44b9c18743ef9a7fc
  React-RCTAnimation: 12f86a4e3542032329366b03bca2cc254a7c64a9
  React-RCTBlob: ba90a4144ad478a022b79a4e8a1f150548d39425
  React-RCTImage: f652d97e49f4b0f26c7df336e723a0d259179967
  React-RCTLinking: e738422857085a1c40c57505a25920160d365783
  React-RCTNetwork: d0d635ad07deed0c05a1b1499d1ab4ce5c41ac97
  React-RCTSettings: ae6f8b64ee5c5e4fc629f5109042e122fd0fd14b
  React-RCTText: 3f24042210886ee8c02613758013010be04b291e
  React-RCTVibration: d55e1365be416980217914fe009e9d55dec02e03
  ReactCommon: eb96b70a2a5bed775e919151fd77699fed52944c
  rn-debug: d9ade66eb8ced9f6a92fee0f0d6dd60a7743ac96
  rn-env: 4b41dd745fb23d56076767c6a85b8cc2735195ab
  RNGestureHandler: 123c4bb46136077e390cc308a432029a1c1f47e5
  RNReanimated: e0bb8012c83f3d28794c62bf3ad6c4b2d182a915
  RNScreens: cbad3ccd2798bd19cc9ca5070e95e31c950b50ac
  RNSVG: 2e097b92aaa6d4e0f354fd7c49cbf3b17f8b3920
  TZImagePickerController: 4e7a7b3d314f8a75f11042931dfd9d34c270c7db
  Yoga: 6af72bedeaea291a3a3717772d6d41836f23a1b9

PODFILE CHECKSUM: 8589caac75087b8aca54f4df2db3e21b4e7e1e93

COCOAPODS: 1.4.0
